<?xml version="1.0" encoding="utf-8"?>
<Project ToolsVersion="4.0" xmlns="http://schemas.microsoft.com/developer/msbuild/2003">
  <ItemGroup>
    <Filter Include="Source Files">
      <UniqueIdentifier>{4FC737F1-C7A5-4376-A066-2A32D752A2FF}</UniqueIdentifier>
      <Extensions>cpp;c;cc;cxx;c++;cppm;ixx;def;odl;idl;hpj;bat;asm;asmx</Extensions>
    </Filter>
    <Filter Include="Header Files">
      <UniqueIdentifier>{93995380-89BD-4b04-88EB-625FBE52EBFB}</UniqueIdentifier>
      <Extensions>h;hh;hpp;hxx;h++;hm;inl;inc;ipp;xsd</Extensions>
    </Filter>
    <Filter Include="Resource Files">
      <UniqueIdentifier>{67DA6AB6-F800-4c08-8B7A-83BB121AAD01}</UniqueIdentifier>
      <Extensions>rc;ico;cur;bmp;dlg;rc2;rct;bin;rgs;gif;jpg;jpeg;jpe;resx;tiff;tif;png;wav;mfcribbon-ms</Extensions>
    </Filter>
    <Filter Include="Header Files\Widgets">
      <UniqueIdentifier>{953c49ee-84a2-406e-a9c1-565b71e9f82e}</UniqueIdentifier>
    </Filter>
    <Filter Include="Source Files\Widgets">
      <UniqueIdentifier>{b12a9268-6649-4ae9-b29a-6e093928a57c}</UniqueIdentifier>
    </Filter>
    <Filter Include="Resource Files\Icons">
      <UniqueIdentifier>{698d5cd2-1dca-4fad-b5bc-1098699936d3}</UniqueIdentifier>
    </Filter>
  </ItemGroup>
  <ItemGroup>
    <ClCompile Include="Main.cpp">
      <Filter>Source Files</Filter>
    </ClCompile>
    <ClCompile Include="PCH.cpp">
      <Filter>Source Files</Filter>
    </ClCompile>
    <ClCompile Include="Utility.cpp">
      <Filter>Source Files</Filter>
    </ClCompile>
    <ClCompile Include="Impulse.cpp">
      <Filter>Source Files</Filter>
    </ClCompile>
    <ClCompile Include="Window.cpp">
      <Filter>Source Files</Filter>
    </ClCompile>
    <ClCompile Include="D2DApp.cpp">
      <Filter>Source Files</Filter>
    </ClCompile>
    <ClCompile Include="Widgets\Button.cpp">
      <Filter>Source Files\Widgets</Filter>
    </ClCompile>
    <ClCompile Include="Widgets\StaticText.cpp">
      <Filter>Source Files\Widgets</Filter>
    </ClCompile>
    <ClCompile Include="Widgets\Clock.cpp">
      <Filter>Source Files\Widgets</Filter>
    </ClCompile>
  </ItemGroup>
  <ItemGroup>
    <ClInclude Include="PCH.hpp">
      <Filter>Header Files</Filter>
    </ClInclude>
    <ClInclude Include="Impulse.hpp">
      <Filter>Header Files</Filter>
    </ClInclude>
    <ClInclude Include="Window.hpp">
      <Filter>Header Files</Filter>
    </ClInclude>
    <ClInclude Include="Utility.hpp">
      <Filter>Header Files</Filter>
    </ClInclude>
    <ClInclude Include="Settings.hpp">
      <Filter>Header Files</Filter>
    </ClInclude>
    <ClInclude Include="ImpulseState.hpp">
      <Filter>Header Files</Filter>
    </ClInclude>
    <ClInclude Include="D2DApp.hpp">
      <Filter>Header Files</Filter>
    </ClInclude>
    <ClInclude Include="DX.hpp">
      <Filter>Header Files</Filter>
    </ClInclude>
    <ClInclude Include="Widgets\Button.hpp">
      <Filter>Header Files\Widgets</Filter>
    </ClInclude>
    <ClInclude Include="Widgets\StaticText.hpp">
      <Filter>Header Files\Widgets</Filter>
    </ClInclude>
    <ClInclude Include="Widgets\Clock.hpp">
      <Filter>Header Files\Widgets</Filter>
    </ClInclude>
    <ClInclude Include="Widgets\Widget.hpp">
      <Filter>Header Files\Widgets</Filter>
    </ClInclude>
    <ClInclude Include="Timer.hpp">
      <Filter>Header Files</Filter>
    </ClInclude>
    <ClInclude Include="Resource.h">
      <Filter>Header Files</Filter>
    </ClInclude>
  </ItemGroup>
  <ItemGroup>
    <ResourceCompile Include="Resource.rc">
      <Filter>Resource Files</Filter>
    </ResourceCompile>
  </ItemGroup>
  <ItemGroup>
    <None Include="..\..\Resources\Icons\cog.svg">
      <Filter>Resource Files\Icons</Filter>
    </None>
    <None Include="..\..\Resources\Icons\cross.svg">
      <Filter>Resource Files\Icons</Filter>
    </None>
    <None Include="..\..\Resources\Icons\info.svg">
      <Filter>Resource Files\Icons</Filter>
    </None>
    <None Include="..\..\Resources\Icons\play.svg">
      <Filter>Resource Files\Icons</Filter>
    </None>
    <None Include="..\..\Resources\Icons\pause.svg">
      <Filter>Resource Files\Icons</Filter>
    </None>
  </ItemGroup>
</Project>